
Microsoft Visual Studio Solution File, Format Version 12.00
Project("{FAE04EC0-301F-11D3-BF4B-00C04F79EFBC}") = "OceanManangeGRPC", "OceanManangeGRPC.csproj", "{99B16666-A603-4F98-995F-5306912C1A71}"
EndProject
Global
	GlobalSection(SolutionConfigurationPlatforms) = preSolution
		Debug|Any CPU = Debug|Any CPU
		Release|Any CPU = Release|Any CPU
	EndGlobalSection
	GlobalSection(ProjectConfigurationPlatforms) = postSolution
		{99B16666-A603-4F98-995F-5306912C1A71}.Debug|Any CPU.ActiveCfg = Debug|Any CPU
		{99B16666-A603-4F98-995F-5306912C1A71}.Debug|Any CPU.Build.0 = Debug|Any CPU
		{99B16666-A603-4F98-995F-5306912C1A71}.Release|Any CPU.ActiveCfg = Release|Any CPU
		{99B16666-A603-4F98-995F-5306912C1A71}.Release|Any CPU.Build.0 = Release|Any CPU
	EndGlobalSection
EndGlobal
